{
  "name": "lucy",
  "version": "1.0.0",
  "lockfileVersion": 1,
  "requires": true,
  "dependencies": {
    "compromise": {
      "version": "11.12.3",
      "resolved": "https://registry.npmjs.org/compromise/-/compromise-11.12.3.tgz",
      "integrity": "sha512-GKYkXMG3wCo/LDXqPRUKzOaria/wGjNi4o3U7wgtj+Z/5rl8sEUMTx2uBvHU3CDonw6kyo9qzZWrdIn8ajeEwQ==",
      "requires": {
        "efrt-unpack": "2.0.3"
      }
    },
    "efrt-unpack": {
      "version": "2.0.3",
      "resolved": "https://registry.npmjs.org/efrt-unpack/-/efrt-unpack-2.0.3.tgz",
      "integrity": "sha512-ocvMy2FUrwdO8mfbe8abpb9hEC8GqifH5/VONgb9aPNOTakRcJVTaLMBG6TBQ64Y7qEVABIkVA9jacdKJErE+g=="
    }
  }
}
